# =============================================
# БЛОК 1: ЗАГОЛОВОК ФАЙЛА
# =============================================
# Этот файл автоматически сгенерирован Poetry 1.5.5 и не должен изменяться вручную

# =============================================
# БЛОК 2: ПАКЕТ aiohttp - АСИНХРОННЫЙ HTTP-КЛИЕНТ/СЕРВЕР
# =============================================
[[package]]
name = "aiohttp"
version = "3.8.3"
description = "Асинхронный http клиент/серверный фреймворк (asyncio)"
optional = false
python-versions = ">=3.6"

# =============================================
# БЛОК 3: ПАКЕТ aiosignal - УПРАВЛЕНИЕ АСИНХРОННЫМИ КОЛБЭКАМИ
# =============================================
[[package]]
name = "aiosignal"
version = "1.3.1"
description = "aiosignal: список зарегистрированных асинхронных колбэков"
optional = false
python-versions = ">=3.7"

# =============================================
# БЛОК 4: ПАКЕТ argon2-cffi - ХЕШИРОВАНИЕ ПАРОЛЕЙ ARGON2
# =============================================
[[package]]
name = "argon2-cffi"
version = "21.3.0"
description = "Безопасный алгоритм хеширования паролей Argon2."
optional = false
python-versions = ">=3.6"

# =============================================
# БЛОК 5: ПАКЕТ argon2-cffi-bindings - НИЗКОУРОВНЕВЫЕ СВЯЗКИ CFFI
# =============================================
[[package]]
name = "argon2-cffi-bindings"
version = "21.2.0"
description = "Низкоуровневые связки CFFI для Argon2"
optional = false
python-versions = ">=3.6"

# =============================================
# БЛОК 6: ПАКЕТ async-timeout - ТАЙМАУТ ДЛЯ ASYNCIO
# =============================================
[[package]]
name = "async-timeout"
version = "4.0.2"
description = "Менеджер контекста таймаута для asyncio программ"
optional = false
python-versions = ">=3.6"

# =============================================
# БЛОК 7: ПАКЕТ attrs - КЛАССЫ БЕЗ ШАБЛОННОГО КОДА
# =============================================
[[package]]
name = "attrs"
version = "22.2.0"
description = "Классы без шаблонного кода"
optional = false
python-versions = ">=3.6"

# =============================================
# БЛОК 8: ПАКЕТ certifi - СЕРТИФИКАТЫ MOZILLA
# =============================================
[[package]]
name = "certifi"
version = "2022.12.7"
description = "Пакет Python для предоставления набора сертификатов Mozilla CA."
optional = false
python-versions = ">=3.6"

# =============================================
# БЛОК 9: ПАКЕТ cffi - ИНОСТРАННЫЙ ИНТЕРФЕЙС ФУНКЦИЙ ДЛЯ C
# =============================================
[[package]]
name = "cffi"
version = "1.15.1"
description = "Иностранный интерфейс функций для вызова C-кода из Python."
optional = false
python-versions = "*"

# =============================================
# БЛОК 10: ПАКЕТ charset-normalizer - ОПРЕДЕЛИТЕЛЬ КОДИРОВКИ
# =============================================
[[package]]
name = "charset-normalizer"
version = "2.1.1"
description = "Первый универсальный определитель кодировки. Современная активно поддерживаемая альтернатива Chardet."
optional = false
python-versions = ">=3.6.0"

# =============================================
# БЛОК 11: ПАКЕТ click - СОЗДАНИЕ CLI ИНТЕРФЕЙСОВ
# =============================================
[[package]]
name = "click"
version = "8.1.3"
description = "Компонуемый инструментарий для создания интерфейсов командной строки"
optional = false
python-versions = ">=3.7"

# =============================================
# БЛОК 12: ПАКЕТ colorama - ЦВЕТНОЙ ВЫВОД В ТЕРМИНАЛ
# =============================================
[[package]]
name = "colorama"
version = "0.4.6"
description = "Кроссплатформенный цветной текст в терминале."
optional = false
python-versions = "!=3.0.*,!=3.1.*,!=3.2.*,!=3.3.*,!=3.4.*,!=3.5.*,!=3.6.*,>=2.7"

# =============================================
# БЛОК 13: ПАКЕТ cryptography - КРИПТОГРАФИЯ
# =============================================
[[package]]
name = "cryptography"
version = "38.0.4"
description = "cryptography - это пакет, предоставляющий криптографические рецепты и примитивы для разработчиков Python."
optional = false
python-versions = ">=3.6"

# =============================================
# БЛОК 14: ПАКЕТ debugpy - ОТЛАДЧИК PYTHON
# =============================================
[[package]]
name = "debugpy"
version = "1.6.5"
description = "Реализация протокола Debug Adapter Protocol для Python"
optional = false
python-versions = ">=3.7"

# =============================================
# БЛОК 15: ПАКЕТ flask - ВЕБ-ФРЕЙМВОРК
# =============================================
[[package]]
name = "flask"
version = "2.2.2"
description = "Простой фреймворк для создания сложных веб-приложений."
optional = false
python-versions = ">=3.7"

# =============================================
# БЛОК 16: ПАКЕТ frozenlist - ЗАМОРОЖЕННЫЙ СПИСОК
# =============================================
[[package]]
name = "frozenlist"
version = "1.3.3"
description = "Структура, подобная списку, реализующая collections.abc.MutableSequence"
optional = false
python-versions = ">=3.7"

# =============================================
# БЛОК 17: ПАКЕТ idna - ИНТЕРНАЦИОНАЛИЗОВАННЫЕ ДОМЕННЫЕ ИМЕНА
# =============================================
[[package]]
name = "idna"
version = "3.4"
description = "Международные доменные имена в приложениях (IDNA)"
optional = false
python-versions = ">=3.5"

# =============================================
# БЛОК 18: ПАКЕТ iso8601 - ПАРСЕР ISO 8601 ДАТ
# =============================================
[[package]]
name = "iso8601"
version = "1.1.0"
description = "Простой модуль для парсинга ISO 8601 дат"
optional = false
python-versions = ">=3.6.2,<4.0"

# =============================================
# БЛОК 19: ПАКЕТ itsdangerous - БЕЗОПАСНАЯ ПЕРЕДАЧА ДАННЫХ
# =============================================
[[package]]
name = "itsdangerous"
version = "2.1.2"
description = "Безопасная передача данных в недоверенные среды и обратно."
optional = false
python-versions = ">=3.7"

# =============================================
# БЛОК 20: ПАКЕТ jedi - АВТОДОПОЛНЕНИЕ КОДА
# =============================================
[[package]]
name = "jedi"
version = "0.18.2"
description = "Инструмент автодополнения для Python, который может использоваться в текстовых редакторах."
optional = false
python-versions = ">=3.6"

# =============================================
# БЛОК 21: ПАКЕТ jinja2 - ШАБЛОНИЗАТОР
# =============================================
[[package]]
name = "jinja2"
version = "3.1.2"
description = "Очень быстрый и выразительный движок шаблонов."
optional = false
python-versions = ">=3.7"

# =============================================
# БЛОК 22: ПАКЕТ markupsafe - БЕЗОПАСНАЯ РАБОТА С HTML/XML
# =============================================
[[package]]
name = "markupsafe"
version = "2.1.2"
description = "Безопасное добавление ненадежных строк в разметку HTML/XML."
optional = false
python-versions = ">=3.7"

# =============================================
# БЛОК 23: ПАКЕТ multidict - МНОГОЗНАЧНЫЙ СЛОВАРЬ
# =============================================
[[package]]
name = "multidict"
version = "6.0.4"
description = "Реализация multidict"
optional = false
python-versions = ">=3.7"

# =============================================
# БЛОК 24: ПАКЕТ numpy - НАУЧНЫЕ ВЫЧИСЛЕНИЯ
# =============================================
[[package]]
name = "numpy"
version = "1.24.1"
description = "Фундаментальный пакет для массивных вычислений в Python"
optional = false
python-versions = ">=3.8"

# =============================================
# БЛОК 25: ПАКЕТ packaging - УТИЛИТЫ ДЛЯ ПАКЕТОВ
# =============================================
[[package]]
name = "packaging"
version = "23.0"
description = "Основные утилиты для пакетов Python"
optional = false
python-versions = ">=3.7"

# =============================================
# БЛОК 26: ПАКЕТ parso - ПАРСЕР PYTHON
# =============================================
[[package]]
name = "parso"
version = "0.8.3"
description = "Парсер Python"
optional = false
python-versions = ">=3.6"

# =============================================
# БЛОК 27: ПАКЕТ passlib - ФРЕЙМВОРК ХЕШИРОВАНИЯ ПАРОЛЕЙ
# =============================================
[[package]]
name = "passlib"
version = "1.7.4"
description = "Всеобъемлющий фреймворк для хеширования паролей, поддерживающий более 30 схем"
optional = false
python-versions = "*"

# =============================================
# БЛОК 28: ПАКЕТ platformdirs - ОПРЕДЕЛЕНИЕ СИСТЕМНЫХ ДИРЕКТОРИЙ
# =============================================
[[package]]
name = "platformdirs"
version = "2.6.2"
description = "Небольшой пакет Python для определения соответствующих платформе директорий"
optional = false
python-versions = ">=3.7"

# =============================================
# БЛОК 29: ПАКЕТ pluggy - СИСТЕМА ПЛАГИНОВ И ХУКОВ
# =============================================
[[package]]
name = "pluggy"
version = "1.0.0"
description = "Механизм вызова плагинов и хуков для Python"
optional = false
python-versions = ">=3.6"

# =============================================
# БЛОК 30: ПАКЕТ protobuf - ПРОТОКОЛ БУФЕРЫ
# =============================================
[[package]]
name = "protobuf"
version = "4.21.12"
description = ""
optional = false
python-versions = ">=3.7"

# =============================================
# БЛОК 31: ПАКЕТ pycparser - ПАРСЕР C
# =============================================
[[package]]
name = "pycparser"
version = "2.21"
description = "Парсер C на Python"
optional = false
python-versions = ">=2.7, !=3.0.*, !=3.1.*, !=3.2.*, !=3.3.*"

# =============================================
# БЛОК 32: ПАКЕТ pycryptodomex - КРИПТОГРАФИЧЕСКАЯ БИБЛИОТЕКА
# =============================================
[[package]]
name = "pycryptodomex"
version = "3.16.0"
description = "Криптографическая библиотека для Python"
optional = false
python-versions = ">=2.7, !=3.0.*, !=3.1.*, !=3.2.*, !=3.3.*, !=3.4.*"

# =============================================
# БЛОК 33: ПАКЕТ pyflakes - СТАТИЧЕСКИЙ АНАЛИЗАТОР
# =============================================
[[package]]
name = "pyflakes"
version = "2.5.0"
description = "Пассивный проверяющий Python программ"
optional = false
python-versions = ">=3.6"

# =============================================
# БЛОК 34: ПАКЕТ pyseto - РЕАЛИЗАЦИЯ PASETO/PASERK
# =============================================
[[package]]
name = "pyseto"
version = "1.7.0"
description = "Реализация PASETO/PASERK на Python"
optional = false
python-versions = ">=3.7,<4.0"

# =============================================
# БЛОК 35: ПАКЕТ python-lsp-jsonrpc - JSON-RPC 2.0 ДЛЯ LSP
# =============================================
[[package]]
name = "python-lsp-jsonrpc"
version = "1.0.0"
description = "Библиотека сервера JSON RPC 2.0"
optional = false
python-versions = "*"

# =============================================
# БЛОК 36: ПАКЕТ pytoolconfig - КОНФИГУРАЦИЯ ИНСТРУМЕНТОВ PYTHON
# =============================================
[[package]]
name = "pytoolconfig"
version = "1.2.4"
description = "Конфигурация инструментов Python"
optional = false
python-versions = ">=3.7"

# =============================================
# БЛОК 37: ПАКЕТ replit - SDK ДЛЯ ПЛАТФОРМЫ REPLIT
# =============================================
[[package]]
name = "replit"
version = "3.2.5"
description = "Библиотека для взаимодействия с функциями repl.it"
optional = false
python-versions = ">=3.8,<4.0"

# =============================================
# БЛОК 38: ПАКЕТ replit-python-lsp-server - LCP СЕРВЕР ДЛЯ PYTHON
# =============================================
[[package]]
name = "replit-python-lsp-server"
version = "1.15.9"
description = "Языковой сервер Python для протокола Language Server Protocol"
optional = false
python-versions = ">=3.7"

# =============================================
# БЛОК 39: ПАКЕТ requests - HTTP ДЛЯ ЛЮДЕЙ
# =============================================
[[package]]
name = "requests"
version = "2.28.2"
description = "Python HTTP для людей."
optional = false
python-versions = ">=3.7, <4"

# =============================================
# БЛОК 40: ПАКЕТ rope - РЕФАКТОРИНГ PYTHON
# =============================================
[[package]]
name = "rope"
version = "1.7.0"
description = "библиотека рефакторинга Python..."
optional = false
python-versions = ">=3.7"

# =============================================
# БЛОК 41: ПАКЕТ setuptools - УПРАВЛЕНИЕ ПАКЕТАМИ PYTHON
# =============================================
[[package]]
name = "setuptools"
version = "79.0.1"
description = "Легкая загрузка, сборка, установка, обновление и удаление пакетов Python"
optional = false
python-versions = ">=3.9"

# =============================================
# БЛОК 42: ПАКЕТ toml - ПАРСЕР TOML
# =============================================
[[package]]
name = "toml"
version = "0.10.2"
description = "Python библиотека для Tom's Obvious, Minimal Language"
optional = false
python-versions = ">=2.6, !=3.0.*, !=3.1.*, !=3.2.*"

# =============================================
# БЛОК 43: ПАКЕТ tomli - TOML ПАРСЕР (ДЛЯ PYTHON <=3.10)
# =============================================
[[package]]
name = "tomli"
version = "2.0.1"
description = "Маленький TOML парсер"
optional = false
python-versions = ">=3.7"

# =============================================
# БЛОК 44: ПАКЕТ typing-extensions - БЭКПОРТ ПОДСКАЗОК ТИПОВ
# =============================================
[[package]]
name = "typing-extensions"
version = "3.10.0.2"
description = "Бэкпортированные и экспериментальные подсказки типов для Python 3.5+"
optional = false
python-versions = "*"

# =============================================
# БЛОК 45: ПАКЕТ ujson - БЫСТРЫЙ JSON КОДЕР/ДЕКОДЕР
# =============================================
[[package]]
name = "ujson"
version = "5.7.0"
description = "Сверхбыстрый JSON кодер и декодер для Python"
optional = false
python-versions = ">=3.7"

# =============================================
# БЛОК 46: ПАКЕТ urllib3 - HTTP БИБЛИОТЕКА С ПУЛОМ СОЕДИНЕНИЙ
# =============================================
[[package]]
name = "urllib3"
version = "1.26.14"
description = "HTTP библиотека с поточно-безопасным пулом соединений, отправкой файлов и другими функциями."
optional = false
python-versions = ">=2.7, !=3.0.*, !=3.1.*, !=3.2.*, !=3.3.*, !=3.4.*, !=3.5.*"

# =============================================
# БЛОК 47: ПАКЕТ werkzeug - WSGI БИБЛИОТЕКА
# =============================================
[[package]]
name = "werkzeug"
version = "2.2.2"
description = "Всеобъемлющая WSGI библиотека веб-приложений."
optional = false
python-versions = ">=3.7"

# =============================================
# БЛОК 48: ПАКЕТ whatthepatch - АНАЛИЗ ПРИМЕНЕНИЯ ПАТЧЕЙ
# =============================================
[[package]]
name = "whatthepatch"
version = "1.0.3"
description = "Библиотека для парсинга и применения патчей."
optional = false
python-versions = ">=3.7"

# =============================================
# БЛОК 49: ПАКЕТ yapf - ФОРМАТТИРОВЩИК PYTHON КОДА
# =============================================
[[package]]
name = "yapf"
version = "0.32.0"
description = "Форматтер для Python кода."
optional = false
python-versions = "*"

# =============================================
# БЛОК 50: ПАКЕТ yarl - БИБЛИОТЕКА ДЛЯ РАБОТЫ С URL
# =============================================
[[package]]
name = "yarl"
version = "1.8.2"
description = "Еще одна библиотека URL"
optional = false
python-versions = ">=3.7"

# =============================================
# БЛОК 51: МЕТАДАННЫЕ LOCK-ФАЙЛА
# =============================================
[metadata]
lock-version = "2.0"
python-versions = ">=3.10.0,<3.11"          # версия интерпретатора Python
content-hash = "b9c0c3dbef3db4f4cac93a239fd87e8de19a10050fac4e09ea2fa37ca3958f9d"  # хеш содержимого pyproject.toml